
Microsoft Visual Studio Solution File, Format Version 12.00
# Visual Studio Version 16
VisualStudioVersion = 16.0.30523.141
MinimumVisualStudioVersion = 10.0.40219.1
Project("{FAE04EC0-301F-11D3-BF4B-00C04F79EFBC}") = "SecurePassword", "SecurePassword\SecurePassword.csproj", "{DD55ED3D-10BA-4BBC-8812-868A0BE31C2F}"
EndProject
Global
	GlobalSection(SolutionConfigurationPlatforms) = preSolution
		Debug|Any CPU = Debug|Any CPU
		Release|Any CPU = Release|Any CPU
	EndGlobalSection
	GlobalSection(ProjectConfigurationPlatforms) = postSolution
		{DD55ED3D-10BA-4BBC-8812-868A0BE31C2F}.Debug|Any CPU.ActiveCfg = Debug|Any CPU
		{DD55ED3D-10BA-4BBC-8812-868A0BE31C2F}.Debug|Any CPU.Build.0 = Debug|Any CPU
		{DD55ED3D-10BA-4BBC-8812-868A0BE31C2F}.Release|Any CPU.ActiveCfg = Release|Any CPU
		{DD55ED3D-10BA-4BBC-8812-868A0BE31C2F}.Release|Any CPU.Build.0 = Release|Any CPU
	EndGlobalSection
	GlobalSection(SolutionProperties) = preSolution
		HideSolutionNode = FALSE
	EndGlobalSection
	GlobalSection(ExtensibilityGlobals) = postSolution
		SolutionGuid = {F2E63D99-1EB2-4C3E-BE32-00D1997C4FE0}
	EndGlobalSection
EndGlobal
